
Microsoft Visual Studio Solution File, Format Version 12.00
# Visual Studio Version 17
VisualStudioVersion = 17.6.33829.357
MinimumVisualStudioVersion = 10.0.40219.1
Project("{9A19103F-16F7-4668-BE54-9A1E7A4F7556}") = "CurrencyNBRB", "CurrencyNBRB\CurrencyNBRB.csproj", "{27069B86-A0E1-4C72-AA3C-86BBADE1B3F3}"
EndProject
Project("{8BC9CEB8-8B4A-11D0-8D11-00A0C91BC942}") = "lr14", "lr14\lr14.vcxproj", "{FA6DF8DE-A6A1-4BA9-8F3A-D5E219C8E8E0}"
EndProject
Global
	GlobalSection(SolutionConfigurationPlatforms) = preSolution
		Debug|Any CPU = Debug|Any CPU
		Debug|x64 = Debug|x64
		Debug|x86 = Debug|x86
		Release|Any CPU = Release|Any CPU
		Release|x64 = Release|x64
		Release|x86 = Release|x86
	EndGlobalSection
	GlobalSection(ProjectConfigurationPlatforms) = postSolution
		{27069B86-A0E1-4C72-AA3C-86BBADE1B3F3}.Debug|Any CPU.ActiveCfg = Debug|Any CPU
		{27069B86-A0E1-4C72-AA3C-86BBADE1B3F3}.Debug|Any CPU.Build.0 = Debug|Any CPU
		{27069B86-A0E1-4C72-AA3C-86BBADE1B3F3}.Debug|x64.ActiveCfg = Debug|Any CPU
		{27069B86-A0E1-4C72-AA3C-86BBADE1B3F3}.Debug|x64.Build.0 = Debug|Any CPU
		{27069B86-A0E1-4C72-AA3C-86BBADE1B3F3}.Debug|x86.ActiveCfg = Debug|Any CPU
		{27069B86-A0E1-4C72-AA3C-86BBADE1B3F3}.Debug|x86.Build.0 = Debug|Any CPU
		{27069B86-A0E1-4C72-AA3C-86BBADE1B3F3}.Release|Any CPU.ActiveCfg = Release|Any CPU
		{27069B86-A0E1-4C72-AA3C-86BBADE1B3F3}.Release|Any CPU.Build.0 = Release|Any CPU
		{27069B86-A0E1-4C72-AA3C-86BBADE1B3F3}.Release|x64.ActiveCfg = Release|Any CPU
		{27069B86-A0E1-4C72-AA3C-86BBADE1B3F3}.Release|x64.Build.0 = Release|Any CPU
		{27069B86-A0E1-4C72-AA3C-86BBADE1B3F3}.Release|x86.ActiveCfg = Release|Any CPU
		{27069B86-A0E1-4C72-AA3C-86BBADE1B3F3}.Release|x86.Build.0 = Release|Any CPU
		{FA6DF8DE-A6A1-4BA9-8F3A-D5E219C8E8E0}.Debug|Any CPU.ActiveCfg = Debug|x64
		{FA6DF8DE-A6A1-4BA9-8F3A-D5E219C8E8E0}.Debug|Any CPU.Build.0 = Debug|x64
		{FA6DF8DE-A6A1-4BA9-8F3A-D5E219C8E8E0}.Debug|x64.ActiveCfg = Debug|x64
		{FA6DF8DE-A6A1-4BA9-8F3A-D5E219C8E8E0}.Debug|x64.Build.0 = Debug|x64
		{FA6DF8DE-A6A1-4BA9-8F3A-D5E219C8E8E0}.Debug|x86.ActiveCfg = Debug|Win32
		{FA6DF8DE-A6A1-4BA9-8F3A-D5E219C8E8E0}.Debug|x86.Build.0 = Debug|Win32
		{FA6DF8DE-A6A1-4BA9-8F3A-D5E219C8E8E0}.Release|Any CPU.ActiveCfg = Release|x64
		{FA6DF8DE-A6A1-4BA9-8F3A-D5E219C8E8E0}.Release|Any CPU.Build.0 = Release|x64
		{FA6DF8DE-A6A1-4BA9-8F3A-D5E219C8E8E0}.Release|x64.ActiveCfg = Release|x64
		{FA6DF8DE-A6A1-4BA9-8F3A-D5E219C8E8E0}.Release|x64.Build.0 = Release|x64
		{FA6DF8DE-A6A1-4BA9-8F3A-D5E219C8E8E0}.Release|x86.ActiveCfg = Release|Win32
		{FA6DF8DE-A6A1-4BA9-8F3A-D5E219C8E8E0}.Release|x86.Build.0 = Release|Win32
	EndGlobalSection
	GlobalSection(SolutionProperties) = preSolution
		HideSolutionNode = FALSE
	EndGlobalSection
	GlobalSection(ExtensibilityGlobals) = postSolution
		SolutionGuid = {3E79030C-9D7C-4C30-91EA-BD0FD2122ECC}
	EndGlobalSection
EndGlobal
