
Microsoft Visual Studio Solution File, Format Version 12.00
# Visual Studio Version 17
VisualStudioVersion = 17.6.33829.357
MinimumVisualStudioVersion = 10.0.40219.1
Project("{FAE04EC0-301F-11D3-BF4B-00C04F79EFBC}") = "CurrencyNBRB", "CurrencyNBRB\CurrencyNBRB.csproj", "{27069B86-A0E1-4C72-AA3C-86BBADE1B3F3}"
EndProject
Global
	GlobalSection(SolutionConfigurationPlatforms) = preSolution
		Debug|Any CPU = Debug|Any CPU
		Release|Any CPU = Release|Any CPU
	EndGlobalSection
	GlobalSection(ProjectConfigurationPlatforms) = postSolution
		{27069B86-A0E1-4C72-AA3C-86BBADE1B3F3}.Debug|Any CPU.ActiveCfg = Debug|Any CPU
		{27069B86-A0E1-4C72-AA3C-86BBADE1B3F3}.Debug|Any CPU.Build.0 = Debug|Any CPU
		{27069B86-A0E1-4C72-AA3C-86BBADE1B3F3}.Release|Any CPU.ActiveCfg = Release|Any CPU
		{27069B86-A0E1-4C72-AA3C-86BBADE1B3F3}.Release|Any CPU.Build.0 = Release|Any CPU
	EndGlobalSection
	GlobalSection(SolutionProperties) = preSolution
		HideSolutionNode = FALSE
	EndGlobalSection
	GlobalSection(ExtensibilityGlobals) = postSolution
		SolutionGuid = {3E79030C-9D7C-4C30-91EA-BD0FD2122ECC}
	EndGlobalSection
EndGlobal
